
Microsoft Visual Studio Solution File, Format Version 12.00
# Visual Studio Version 16
VisualStudioVersion = 16.0.31911.196
MinimumVisualStudioVersion = 10.0.40219.1
Project("{FAE04EC0-301F-11D3-BF4B-00C04F79EFBC}") = "DatasetDesigner", "DatasetDesigner\DatasetDesigner.csproj", "{AD699A6F-6FB2-451D-A95E-24AF7745290C}"
EndProject
Global
	GlobalSection(SolutionConfigurationPlatforms) = preSolution
		Debug|Any CPU = Debug|Any CPU
		Release|Any CPU = Release|Any CPU
	EndGlobalSection
	GlobalSection(ProjectConfigurationPlatforms) = postSolution
		{AD699A6F-6FB2-451D-A95E-24AF7745290C}.Debug|Any CPU.ActiveCfg = Debug|Any CPU
		{AD699A6F-6FB2-451D-A95E-24AF7745290C}.Debug|Any CPU.Build.0 = Debug|Any CPU
		{AD699A6F-6FB2-451D-A95E-24AF7745290C}.Release|Any CPU.ActiveCfg = Release|Any CPU
		{AD699A6F-6FB2-451D-A95E-24AF7745290C}.Release|Any CPU.Build.0 = Release|Any CPU
	EndGlobalSection
	GlobalSection(SolutionProperties) = preSolution
		HideSolutionNode = FALSE
	EndGlobalSection
	GlobalSection(ExtensibilityGlobals) = postSolution
		SolutionGuid = {486F97E3-2395-4454-BC1B-DD07DBE9E1CF}
	EndGlobalSection
EndGlobal
