
Microsoft Visual Studio Solution File, Format Version 12.00
# Visual Studio Version 16
VisualStudioVersion = 16.0.31911.196
MinimumVisualStudioVersion = 10.0.40219.1
Project("{FAE04EC0-301F-11D3-BF4B-00C04F79EFBC}") = "LINQsql_m", "LINQsql_m\LINQsql_m.csproj", "{1518F44A-228A-4068-B737-9C3A49B826CF}"
EndProject
Global
	GlobalSection(SolutionConfigurationPlatforms) = preSolution
		Debug|Any CPU = Debug|Any CPU
		Release|Any CPU = Release|Any CPU
	EndGlobalSection
	GlobalSection(ProjectConfigurationPlatforms) = postSolution
		{1518F44A-228A-4068-B737-9C3A49B826CF}.Debug|Any CPU.ActiveCfg = Debug|Any CPU
		{1518F44A-228A-4068-B737-9C3A49B826CF}.Debug|Any CPU.Build.0 = Debug|Any CPU
		{1518F44A-228A-4068-B737-9C3A49B826CF}.Release|Any CPU.ActiveCfg = Release|Any CPU
		{1518F44A-228A-4068-B737-9C3A49B826CF}.Release|Any CPU.Build.0 = Release|Any CPU
	EndGlobalSection
	GlobalSection(SolutionProperties) = preSolution
		HideSolutionNode = FALSE
	EndGlobalSection
	GlobalSection(ExtensibilityGlobals) = postSolution
		SolutionGuid = {4BEBADF3-A53B-44F2-954E-2C0FEEC1308C}
	EndGlobalSection
EndGlobal
