
Microsoft Visual Studio Solution File, Format Version 12.00
# Visual Studio Version 16
VisualStudioVersion = 16.0.31911.196
MinimumVisualStudioVersion = 10.0.40219.1
Project("{FAE04EC0-301F-11D3-BF4B-00C04F79EFBC}") = "CreatingDataTable", "CreatingDataTable\CreatingDataTable.csproj", "{5A6CAB33-AD18-4BAE-B902-E42313C449D1}"
EndProject
Global
	GlobalSection(SolutionConfigurationPlatforms) = preSolution
		Debug|Any CPU = Debug|Any CPU
		Release|Any CPU = Release|Any CPU
	EndGlobalSection
	GlobalSection(ProjectConfigurationPlatforms) = postSolution
		{5A6CAB33-AD18-4BAE-B902-E42313C449D1}.Debug|Any CPU.ActiveCfg = Debug|Any CPU
		{5A6CAB33-AD18-4BAE-B902-E42313C449D1}.Debug|Any CPU.Build.0 = Debug|Any CPU
		{5A6CAB33-AD18-4BAE-B902-E42313C449D1}.Release|Any CPU.ActiveCfg = Release|Any CPU
		{5A6CAB33-AD18-4BAE-B902-E42313C449D1}.Release|Any CPU.Build.0 = Release|Any CPU
	EndGlobalSection
	GlobalSection(SolutionProperties) = preSolution
		HideSolutionNode = FALSE
	EndGlobalSection
	GlobalSection(ExtensibilityGlobals) = postSolution
		SolutionGuid = {05B4D362-25DF-4F18-BFA7-DE3C2DC21FFE}
	EndGlobalSection
EndGlobal
