
Microsoft Visual Studio Solution File, Format Version 12.00
# Visual Studio Version 16
VisualStudioVersion = 16.0.31911.196
MinimumVisualStudioVersion = 10.0.40219.1
Project("{FAE04EC0-301F-11D3-BF4B-00C04F79EFBC}") = "DBConnection", "DBConnection\DBConnection.csproj", "{9B3DF7CA-7C91-43D9-81AB-568DF6DC3902}"
EndProject
Global
	GlobalSection(SolutionConfigurationPlatforms) = preSolution
		Debug|Any CPU = Debug|Any CPU
		Release|Any CPU = Release|Any CPU
	EndGlobalSection
	GlobalSection(ProjectConfigurationPlatforms) = postSolution
		{9B3DF7CA-7C91-43D9-81AB-568DF6DC3902}.Debug|Any CPU.ActiveCfg = Debug|Any CPU
		{9B3DF7CA-7C91-43D9-81AB-568DF6DC3902}.Debug|Any CPU.Build.0 = Debug|Any CPU
		{9B3DF7CA-7C91-43D9-81AB-568DF6DC3902}.Release|Any CPU.ActiveCfg = Release|Any CPU
		{9B3DF7CA-7C91-43D9-81AB-568DF6DC3902}.Release|Any CPU.Build.0 = Release|Any CPU
	EndGlobalSection
	GlobalSection(SolutionProperties) = preSolution
		HideSolutionNode = FALSE
	EndGlobalSection
	GlobalSection(ExtensibilityGlobals) = postSolution
		SolutionGuid = {E23E33CC-FC71-4D8A-B4DA-73988FCE40C4}
	EndGlobalSection
EndGlobal
